
Microsoft Visual Studio Solution File, Format Version 12.00
# Visual Studio 2012
Project("{FAE04EC0-301F-11D3-BF4B-00C04F79EFBC}") = "MVC4Sample.web", "MVC4Sample.web\MVC4Sample.web.csproj", "{8244D6B4-D784-4C1A-8EF8-CC958A9E48EE}"
EndProject
Global
	GlobalSection(SolutionConfigurationPlatforms) = preSolution
		Debug|Any CPU = Debug|Any CPU
		Release|Any CPU = Release|Any CPU
	EndGlobalSection
	GlobalSection(ProjectConfigurationPlatforms) = postSolution
		{8244D6B4-D784-4C1A-8EF8-CC958A9E48EE}.Debug|Any CPU.ActiveCfg = Debug|Any CPU
		{8244D6B4-D784-4C1A-8EF8-CC958A9E48EE}.Debug|Any CPU.Build.0 = Debug|Any CPU
		{8244D6B4-D784-4C1A-8EF8-CC958A9E48EE}.Release|Any CPU.ActiveCfg = Release|Any CPU
		{8244D6B4-D784-4C1A-8EF8-CC958A9E48EE}.Release|Any CPU.Build.0 = Release|Any CPU
	EndGlobalSection
	GlobalSection(SolutionProperties) = preSolution
		HideSolutionNode = FALSE
	EndGlobalSection
EndGlobal
